
Microsoft Visual Studio Solution File, Format Version 12.00
# Visual Studio Version 17
VisualStudioVersion = 17.9.34607.119
MinimumVisualStudioVersion = 10.0.40219.1
Project("{FAE04EC0-301F-11D3-BF4B-00C04F79EFBC}") = "CountryStateCity.Domain", "CountryStateCity.Domain\CountryStateCity.Domain.csproj", "{023A31D9-2837-45D8-9D24-DF4536B10B5A}"
EndProject
Project("{FAE04EC0-301F-11D3-BF4B-00C04F79EFBC}") = "CountryStateCity.Application", "CountryStateCity.Application\CountryStateCity.Application.csproj", "{3D8C2CB5-F622-4302-B513-E6F871B3B6E4}"
EndProject
Project("{FAE04EC0-301F-11D3-BF4B-00C04F79EFBC}") = "CountryStateCity.Infrastructure", "CountryStateCity.Infrastructure\CountryStateCity.Infrastructure.csproj", "{1DD86496-84F6-46D4-8505-4A3CFF1145F3}"
EndProject
Project("{FAE04EC0-301F-11D3-BF4B-00C04F79EFBC}") = "CountryStateCity.API", "CountryStateCity.API\CountryStateCity.API.csproj", "{E59F1640-25C8-458C-B918-49BF05F15B7A}"
EndProject
Global
	GlobalSection(SolutionConfigurationPlatforms) = preSolution
		Debug|Any CPU = Debug|Any CPU
		Release|Any CPU = Release|Any CPU
	EndGlobalSection
	GlobalSection(ProjectConfigurationPlatforms) = postSolution
		{023A31D9-2837-45D8-9D24-DF4536B10B5A}.Debug|Any CPU.ActiveCfg = Debug|Any CPU
		{023A31D9-2837-45D8-9D24-DF4536B10B5A}.Debug|Any CPU.Build.0 = Debug|Any CPU
		{023A31D9-2837-45D8-9D24-DF4536B10B5A}.Release|Any CPU.ActiveCfg = Release|Any CPU
		{023A31D9-2837-45D8-9D24-DF4536B10B5A}.Release|Any CPU.Build.0 = Release|Any CPU
		{3D8C2CB5-F622-4302-B513-E6F871B3B6E4}.Debug|Any CPU.ActiveCfg = Debug|Any CPU
		{3D8C2CB5-F622-4302-B513-E6F871B3B6E4}.Debug|Any CPU.Build.0 = Debug|Any CPU
		{3D8C2CB5-F622-4302-B513-E6F871B3B6E4}.Release|Any CPU.ActiveCfg = Release|Any CPU
		{3D8C2CB5-F622-4302-B513-E6F871B3B6E4}.Release|Any CPU.Build.0 = Release|Any CPU
		{1DD86496-84F6-46D4-8505-4A3CFF1145F3}.Debug|Any CPU.ActiveCfg = Debug|Any CPU
		{1DD86496-84F6-46D4-8505-4A3CFF1145F3}.Debug|Any CPU.Build.0 = Debug|Any CPU
		{1DD86496-84F6-46D4-8505-4A3CFF1145F3}.Release|Any CPU.ActiveCfg = Release|Any CPU
		{1DD86496-84F6-46D4-8505-4A3CFF1145F3}.Release|Any CPU.Build.0 = Release|Any CPU
		{E59F1640-25C8-458C-B918-49BF05F15B7A}.Debug|Any CPU.ActiveCfg = Debug|Any CPU
		{E59F1640-25C8-458C-B918-49BF05F15B7A}.Debug|Any CPU.Build.0 = Debug|Any CPU
		{E59F1640-25C8-458C-B918-49BF05F15B7A}.Release|Any CPU.ActiveCfg = Release|Any CPU
		{E59F1640-25C8-458C-B918-49BF05F15B7A}.Release|Any CPU.Build.0 = Release|Any CPU
	EndGlobalSection
	GlobalSection(SolutionProperties) = preSolution
		HideSolutionNode = FALSE
	EndGlobalSection
	GlobalSection(ExtensibilityGlobals) = postSolution
		SolutionGuid = {7F448D34-1DD2-409B-9192-4396969E36C6}
	EndGlobalSection
EndGlobal
